// !$*UTF8*$!
{
	archiveVersion = 1;
	classes = {
	};
	objectVersion = 46;
	objects = {

/* Begin PBXBuildFile section */
		8FCD218B24D006E76F5C0A1A /* Pods_dribbble.framework in Frameworks */ = {isa = PBXBuildFile; fileRef = 99AFD7DFCA9E040316E9D011 /* Pods_dribbble.framework */; };
		957C41621DD8B6CF0075C45B /* Image.swift in Sources */ = {isa = PBXBuildFile; fileRef = 957C41611DD8B6CF0075C45B /* Image.swift */; };
		957C41641DD8BC580075C45B /* BaseTableViewCell.swift in Sources */ = {isa = PBXBuildFile; fileRef = 957C41631DD8BC580075C45B /* BaseTableViewCell.swift */; };
		95B24BBE1DD08C14000F5AB5 /* AppDelegate.swift in Sources */ = {isa = PBXBuildFile; fileRef = 95B24BBD1DD08C14000F5AB5 /* AppDelegate.swift */; };
		95B24BC31DD08C14000F5AB5 /* Main.storyboard in Resources */ = {isa = PBXBuildFile; fileRef = 95B24BC11DD08C14000F5AB5 /* Main.storyboard */; };
		95B24BC81DD08C14000F5AB5 /* LaunchScreen.storyboard in Resources */ = {isa = PBXBuildFile; fileRef = 95B24BC61DD08C14000F5AB5 /* LaunchScreen.storyboard */; };
		95ED03771DD4C49E00486D87 /* Assets.xcassets in Resources */ = {isa = PBXBuildFile; fileRef = 95ED03701DD4C49E00486D87 /* Assets.xcassets */; };
		95ED03781DD4C49E00486D87 /* ShouListViewController.swift in Sources */ = {isa = PBXBuildFile; fileRef = 95ED03731DD4C49E00486D87 /* ShouListViewController.swift */; };
		95ED03791DD4C49E00486D87 /* ApiService.swift in Sources */ = {isa = PBXBuildFile; fileRef = 95ED03751DD4C49E00486D87 /* ApiService.swift */; };
		95ED037A1DD4C49E00486D87 /* MoyaInstance.swift in Sources */ = {isa = PBXBuildFile; fileRef = 95ED03761DD4C49E00486D87 /* MoyaInstance.swift */; };
		95ED037C1DD4C4BA00486D87 /* R.generated.swift in Sources */ = {isa = PBXBuildFile; fileRef = 95ED037B1DD4C4BA00486D87 /* R.generated.swift */; };
		95ED037E1DD4C4E400486D87 /* dribbble.clr in Resources */ = {isa = PBXBuildFile; fileRef = 95ED037D1DD4C4E400486D87 /* dribbble.clr */; };
		95ED03811DD4C63600486D87 /* Shot.swift in Sources */ = {isa = PBXBuildFile; fileRef = 95ED03801DD4C63600486D87 /* Shot.swift */; };
		95ED03841DD4C65800486D87 /* NetLogger.swift in Sources */ = {isa = PBXBuildFile; fileRef = 95ED03821DD4C65800486D87 /* NetLogger.swift */; };
		95ED03851DD4C65800486D87 /* Observable+Mapper.swift in Sources */ = {isa = PBXBuildFile; fileRef = 95ED03831DD4C65800486D87 /* Observable+Mapper.swift */; };
		95ED03881DD4CB5D00486D87 /* ShotViewCell.swift in Sources */ = {isa = PBXBuildFile; fileRef = 95ED03871DD4CB5D00486D87 /* ShotViewCell.swift */; };
		95ED038A1DD4CC4600486D87 /* BaseViewController.swift in Sources */ = {isa = PBXBuildFile; fileRef = 95ED03891DD4CC4600486D87 /* BaseViewController.swift */; };
		95ED038E1DD6FF1B00486D87 /* NSObject+Dribbble.swift in Sources */ = {isa = PBXBuildFile; fileRef = 95ED038D1DD6FF1B00486D87 /* NSObject+Dribbble.swift */; };
		95ED03921DD6FFE900486D87 /* ShotListViewModel.swift in Sources */ = {isa = PBXBuildFile; fileRef = 95ED03911DD6FFE900486D87 /* ShotListViewModel.swift */; };
/* End PBXBuildFile section */

/* Begin PBXFileReference section */
		6601205C3CE846B8C7F02DA3 /* Pods-dribbble.release.xcconfig */ = {isa = PBXFileReference; includeInIndex = 1; lastKnownFileType = text.xcconfig; name = "Pods-dribbble.release.xcconfig"; path = "Pods/Target Support Files/Pods-dribbble/Pods-dribbble.release.xcconfig"; sourceTree = "<group>"; };
		957C41611DD8B6CF0075C45B /* Image.swift */ = {isa = PBXFileReference; fileEncoding = 4; lastKnownFileType = sourcecode.swift; path = Image.swift; sourceTree = "<group>"; };
		957C41631DD8BC580075C45B /* BaseTableViewCell.swift */ = {isa = PBXFileReference; fileEncoding = 4; lastKnownFileType = sourcecode.swift; path = BaseTableViewCell.swift; sourceTree = "<group>"; };
		95B24BBA1DD08C14000F5AB5 /* dribbble.app */ = {isa = PBXFileReference; explicitFileType = wrapper.application; includeInIndex = 0; path = dribbble.app; sourceTree = BUILT_PRODUCTS_DIR; };
		95B24BBD1DD08C14000F5AB5 /* AppDelegate.swift */ = {isa = PBXFileReference; lastKnownFileType = sourcecode.swift; path = AppDelegate.swift; sourceTree = "<group>"; };
		95B24BC21DD08C14000F5AB5 /* Base */ = {isa = PBXFileReference; lastKnownFileType = file.storyboard; name = Base; path = Base.lproj/Main.storyboard; sourceTree = "<group>"; };
		95B24BC71DD08C14000F5AB5 /* Base */ = {isa = PBXFileReference; lastKnownFileType = file.storyboard; name = Base; path = Base.lproj/LaunchScreen.storyboard; sourceTree = "<group>"; };
		95B24BC91DD08C14000F5AB5 /* Info.plist */ = {isa = PBXFileReference; lastKnownFileType = text.plist.xml; path = Info.plist; sourceTree = "<group>"; };
		95ED03701DD4C49E00486D87 /* Assets.xcassets */ = {isa = PBXFileReference; lastKnownFileType = folder.assetcatalog; path = Assets.xcassets; sourceTree = "<group>"; };
		95ED03731DD4C49E00486D87 /* ShouListViewController.swift */ = {isa = PBXFileReference; fileEncoding = 4; lastKnownFileType = sourcecode.swift; path = ShouListViewController.swift; sourceTree = "<group>"; };
		95ED03751DD4C49E00486D87 /* ApiService.swift */ = {isa = PBXFileReference; fileEncoding = 4; lastKnownFileType = sourcecode.swift; path = ApiService.swift; sourceTree = "<group>"; };
		95ED03761DD4C49E00486D87 /* MoyaInstance.swift */ = {isa = PBXFileReference; fileEncoding = 4; lastKnownFileType = sourcecode.swift; path = MoyaInstance.swift; sourceTree = "<group>"; };
		95ED037B1DD4C4BA00486D87 /* R.generated.swift */ = {isa = PBXFileReference; fileEncoding = 4; lastKnownFileType = sourcecode.swift; path = R.generated.swift; sourceTree = "<group>"; };
		95ED037D1DD4C4E400486D87 /* dribbble.clr */ = {isa = PBXFileReference; lastKnownFileType = file.bplist; path = dribbble.clr; sourceTree = "<group>"; };
		95ED03801DD4C63600486D87 /* Shot.swift */ = {isa = PBXFileReference; fileEncoding = 4; lastKnownFileType = sourcecode.swift; path = Shot.swift; sourceTree = "<group>"; };
		95ED03821DD4C65800486D87 /* NetLogger.swift */ = {isa = PBXFileReference; fileEncoding = 4; lastKnownFileType = sourcecode.swift; path = NetLogger.swift; sourceTree = "<group>"; };
		95ED03831DD4C65800486D87 /* Observable+Mapper.swift */ = {isa = PBXFileReference; fileEncoding = 4; lastKnownFileType = sourcecode.swift; path = "Observable+Mapper.swift"; sourceTree = "<group>"; };
		95ED03871DD4CB5D00486D87 /* ShotViewCell.swift */ = {isa = PBXFileReference; fileEncoding = 4; lastKnownFileType = sourcecode.swift; path = ShotViewCell.swift; sourceTree = "<group>"; };
		95ED03891DD4CC4600486D87 /* BaseViewController.swift */ = {isa = PBXFileReference; fileEncoding = 4; lastKnownFileType = sourcecode.swift; path = BaseViewController.swift; sourceTree = "<group>"; };
		95ED038D1DD6FF1B00486D87 /* NSObject+Dribbble.swift */ = {isa = PBXFileReference; fileEncoding = 4; lastKnownFileType = sourcecode.swift; path = "NSObject+Dribbble.swift"; sourceTree = "<group>"; };
		95ED03911DD6FFE900486D87 /* ShotListViewModel.swift */ = {isa = PBXFileReference; fileEncoding = 4; lastKnownFileType = sourcecode.swift; path = ShotListViewModel.swift; sourceTree = "<group>"; };
		99AFD7DFCA9E040316E9D011 /* Pods_dribbble.framework */ = {isa = PBXFileReference; explicitFileType = wrapper.framework; includeInIndex = 0; path = Pods_dribbble.framework; sourceTree = BUILT_PRODUCTS_DIR; };
		E5666C071751521EE8739880 /* Pods-dribbble.debug.xcconfig */ = {isa = PBXFileReference; includeInIndex = 1; lastKnownFileType = text.xcconfig; name = "Pods-dribbble.debug.xcconfig"; path = "Pods/Target Support Files/Pods-dribbble/Pods-dribbble.debug.xcconfig"; sourceTree = "<group>"; };
/* End PBXFileReference section */

/* Begin PBXFrameworksBuildPhase section */
		95B24BB71DD08C14000F5AB5 /* Frameworks */ = {
			isa = PBXFrameworksBuildPhase;
			buildActionMask = 2147483647;
			files = (
				8FCD218B24D006E76F5C0A1A /* Pods_dribbble.framework in Frameworks */,
			);
			runOnlyForDeploymentPostprocessing = 0;
		};
/* End PBXFrameworksBuildPhase section */

/* Begin PBXGroup section */
		0DDD6C264EB2EE6A94FE4F36 /* Pods */ = {
			isa = PBXGroup;
			children = (
				E5666C071751521EE8739880 /* Pods-dribbble.debug.xcconfig */,
				6601205C3CE846B8C7F02DA3 /* Pods-dribbble.release.xcconfig */,
			);
			name = Pods;
			sourceTree = "<group>";
		};
		382B1106BB26DC5F7D919189 /* Frameworks */ = {
			isa = PBXGroup;
			children = (
				99AFD7DFCA9E040316E9D011 /* Pods_dribbble.framework */,
			);
			name = Frameworks;
			sourceTree = "<group>";
		};
		95B24BB11DD08C14000F5AB5 = {
			isa = PBXGroup;
			children = (
				95B24BBC1DD08C14000F5AB5 /* dribbble */,
				95B24BBB1DD08C14000F5AB5 /* Products */,
				0DDD6C264EB2EE6A94FE4F36 /* Pods */,
				382B1106BB26DC5F7D919189 /* Frameworks */,
			);
			sourceTree = "<group>";
		};
		95B24BBB1DD08C14000F5AB5 /* Products */ = {
			isa = PBXGroup;
			children = (
				95B24BBA1DD08C14000F5AB5 /* dribbble.app */,
			);
			name = Products;
			sourceTree = "<group>";
		};
		95B24BBC1DD08C14000F5AB5 /* dribbble */ = {
			isa = PBXGroup;
			children = (
				95ED036F1DD4C49E00486D87 /* Resources */,
				95ED03711DD4C49E00486D87 /* Sources */,
				95B24BBD1DD08C14000F5AB5 /* AppDelegate.swift */,
				95B24BC11DD08C14000F5AB5 /* Main.storyboard */,
				95ED037B1DD4C4BA00486D87 /* R.generated.swift */,
				95B24BC61DD08C14000F5AB5 /* LaunchScreen.storyboard */,
				95B24BC91DD08C14000F5AB5 /* Info.plist */,
			);
			path = dribbble;
			sourceTree = "<group>";
		};
		95ED036F1DD4C49E00486D87 /* Resources */ = {
			isa = PBXGroup;
			children = (
				95ED037D1DD4C4E400486D87 /* dribbble.clr */,
				95ED03701DD4C49E00486D87 /* Assets.xcassets */,
			);
			path = Resources;
			sourceTree = "<group>";
		};
		95ED03711DD4C49E00486D87 /* Sources */ = {
			isa = PBXGroup;
			children = (
				95ED03901DD6FFD600486D87 /* ViewModels */,
				95ED038B1DD6FEE800486D87 /* Utils */,
				95ED03861DD4CB3700486D87 /* Views */,
				95ED037F1DD4C63600486D87 /* Models */,
				95ED03721DD4C49E00486D87 /* Controllers */,
				95ED03741DD4C49E00486D87 /* Net */,
			);
			path = Sources;
			sourceTree = "<group>";
		};
		95ED03721DD4C49E00486D87 /* Controllers */ = {
			isa = PBXGroup;
			children = (
				95ED03731DD4C49E00486D87 /* ShouListViewController.swift */,
				95ED03891DD4CC4600486D87 /* BaseViewController.swift */,
			);
			path = Controllers;
			sourceTree = "<group>";
		};
		95ED03741DD4C49E00486D87 /* Net */ = {
			isa = PBXGroup;
			children = (
				95ED03821DD4C65800486D87 /* NetLogger.swift */,
				95ED03831DD4C65800486D87 /* Observable+Mapper.swift */,
				95ED03751DD4C49E00486D87 /* ApiService.swift */,
				95ED03761DD4C49E00486D87 /* MoyaInstance.swift */,
			);
			path = Net;
			sourceTree = "<group>";
		};
		95ED037F1DD4C63600486D87 /* Models */ = {
			isa = PBXGroup;
			children = (
				95ED03801DD4C63600486D87 /* Shot.swift */,
				957C41611DD8B6CF0075C45B /* Image.swift */,
			);
			path = Models;
			sourceTree = "<group>";
		};
		95ED03861DD4CB3700486D87 /* Views */ = {
			isa = PBXGroup;
			children = (
				95ED03871DD4CB5D00486D87 /* ShotViewCell.swift */,
				957C41631DD8BC580075C45B /* BaseTableViewCell.swift */,
			);
			path = Views;
			sourceTree = "<group>";
		};
		95ED038B1DD6FEE800486D87 /* Utils */ = {
			isa = PBXGroup;
			children = (
				95ED038C1DD6FEE800486D87 /* Extensions */,
			);
			path = Utils;
			sourceTree = "<group>";
		};
		95ED038C1DD6FEE800486D87 /* Extensions */ = {
			isa = PBXGroup;
			children = (
				95ED038D1DD6FF1B00486D87 /* NSObject+Dribbble.swift */,
			);
			path = Extensions;
			sourceTree = "<group>";
		};
		95ED03901DD6FFD600486D87 /* ViewModels */ = {
			isa = PBXGroup;
			children = (
				95ED03911DD6FFE900486D87 /* ShotListViewModel.swift */,
			);
			path = ViewModels;
			sourceTree = "<group>";
		};
/* End PBXGroup section */

/* Begin PBXNativeTarget section */
		95B24BB91DD08C14000F5AB5 /* dribbble */ = {
			isa = PBXNativeTarget;
			buildConfigurationList = 95B24BCC1DD08C14000F5AB5 /* Build configuration list for PBXNativeTarget "dribbble" */;
			buildPhases = (
				504566E808A87600A0D23F50 /* [CP] Check Pods Manifest.lock */,
				95ED036E1DD4C3DB00486D87 /* ShellScript */,
				95B24BB61DD08C14000F5AB5 /* Sources */,
				95B24BB71DD08C14000F5AB5 /* Frameworks */,
				95B24BB81DD08C14000F5AB5 /* Resources */,
				3C85C1B5FA2C675650F777D2 /* [CP] Embed Pods Frameworks */,
				AD49CDBEAC7132F7A9EAC86D /* [CP] Copy Pods Resources */,
			);
			buildRules = (
			);
			dependencies = (
			);
			name = dribbble;
			productName = dribbble;
			productReference = 95B24BBA1DD08C14000F5AB5 /* dribbble.app */;
			productType = "com.apple.product-type.application";
		};
/* End PBXNativeTarget section */

/* Begin PBXProject section */
		95B24BB21DD08C14000F5AB5 /* Project object */ = {
			isa = PBXProject;
			attributes = {
				LastSwiftUpdateCheck = 0810;
				LastUpgradeCheck = 0810;
				ORGANIZATIONNAME = "赵巍";
				TargetAttributes = {
					95B24BB91DD08C14000F5AB5 = {
						CreatedOnToolsVersion = 8.1;
						DevelopmentTeam = A29MKZT469;
						ProvisioningStyle = Automatic;
					};
				};
			};
			buildConfigurationList = 95B24BB51DD08C14000F5AB5 /* Build configuration list for PBXProject "dribbble" */;
			compatibilityVersion = "Xcode 3.2";
			developmentRegion = English;
			hasScannedForEncodings = 0;
			knownRegions = (
				en,
				Base,
			);
			mainGroup = 95B24BB11DD08C14000F5AB5;
			productRefGroup = 95B24BBB1DD08C14000F5AB5 /* Products */;
			projectDirPath = "";
			projectRoot = "";
			targets = (
				95B24BB91DD08C14000F5AB5 /* dribbble */,
			);
		};
/* End PBXProject section */

/* Begin PBXResourcesBuildPhase section */
		95B24BB81DD08C14000F5AB5 /* Resources */ = {
			isa = PBXResourcesBuildPhase;
			buildActionMask = 2147483647;
			files = (
				95B24BC81DD08C14000F5AB5 /* LaunchScreen.storyboard in Resources */,
				95ED037E1DD4C4E400486D87 /* dribbble.clr in Resources */,
				95ED03771DD4C49E00486D87 /* Assets.xcassets in Resources */,
				95B24BC31DD08C14000F5AB5 /* Main.storyboard in Resources */,
			);
			runOnlyForDeploymentPostprocessing = 0;
		};
/* End PBXResourcesBuildPhase section */

/* Begin PBXShellScriptBuildPhase section */
		3C85C1B5FA2C675650F777D2 /* [CP] Embed Pods Frameworks */ = {
			isa = PBXShellScriptBuildPhase;
			buildActionMask = 2147483647;
			files = (
			);
			inputPaths = (
			);
			name = "[CP] Embed Pods Frameworks";
			outputPaths = (
			);
			runOnlyForDeploymentPostprocessing = 0;
			shellPath = /bin/sh;
			shellScript = "\"${SRCROOT}/Pods/Target Support Files/Pods-dribbble/Pods-dribbble-frameworks.sh\"\n";
			showEnvVarsInLog = 0;
		};
		504566E808A87600A0D23F50 /* [CP] Check Pods Manifest.lock */ = {
			isa = PBXShellScriptBuildPhase;
			buildActionMask = 2147483647;
			files = (
			);
			inputPaths = (
			);
			name = "[CP] Check Pods Manifest.lock";
			outputPaths = (
			);
			runOnlyForDeploymentPostprocessing = 0;
			shellPath = /bin/sh;
			shellScript = "diff \"${PODS_ROOT}/../Podfile.lock\" \"${PODS_ROOT}/Manifest.lock\" > /dev/null\nif [ $? != 0 ] ; then\n    # print error to STDERR\n    echo \"error: The sandbox is not in sync with the Podfile.lock. Run 'pod install' or update your CocoaPods installation.\" >&2\n    exit 1\nfi\n";
			showEnvVarsInLog = 0;
		};
		95ED036E1DD4C3DB00486D87 /* ShellScript */ = {
			isa = PBXShellScriptBuildPhase;
			buildActionMask = 2147483647;
			files = (
			);
			inputPaths = (
			);
			outputPaths = (
			);
			runOnlyForDeploymentPostprocessing = 0;
			shellPath = /bin/sh;
			shellScript = "\"$PODS_ROOT/R.swift/rswift\" \"$SRCROOT/dribbble\"";
		};
		AD49CDBEAC7132F7A9EAC86D /* [CP] Copy Pods Resources */ = {
			isa = PBXShellScriptBuildPhase;
			buildActionMask = 2147483647;
			files = (
			);
			inputPaths = (
			);
			name = "[CP] Copy Pods Resources";
			outputPaths = (
			);
			runOnlyForDeploymentPostprocessing = 0;
			shellPath = /bin/sh;
			shellScript = "\"${SRCROOT}/Pods/Target Support Files/Pods-dribbble/Pods-dribbble-resources.sh\"\n";
			showEnvVarsInLog = 0;
		};
/* End PBXShellScriptBuildPhase section */

/* Begin PBXSourcesBuildPhase section */
		95B24BB61DD08C14000F5AB5 /* Sources */ = {
			isa = PBXSourcesBuildPhase;
			buildActionMask = 2147483647;
			files = (
				95ED03921DD6FFE900486D87 /* ShotListViewModel.swift in Sources */,
				95ED038E1DD6FF1B00486D87 /* NSObject+Dribbble.swift in Sources */,
				95ED03781DD4C49E00486D87 /* ShouListViewController.swift in Sources */,
				95B24BBE1DD08C14000F5AB5 /* AppDelegate.swift in Sources */,
				957C41641DD8BC580075C45B /* BaseTableViewCell.swift in Sources */,
				95ED037C1DD4C4BA00486D87 /* R.generated.swift in Sources */,
				95ED03811DD4C63600486D87 /* Shot.swift in Sources */,
				957C41621DD8B6CF0075C45B /* Image.swift in Sources */,
				95ED03791DD4C49E00486D87 /* ApiService.swift in Sources */,
				95ED038A1DD4CC4600486D87 /* BaseViewController.swift in Sources */,
				95ED03881DD4CB5D00486D87 /* ShotViewCell.swift in Sources */,
				95ED037A1DD4C49E00486D87 /* MoyaInstance.swift in Sources */,
				95ED03841DD4C65800486D87 /* NetLogger.swift in Sources */,
				95ED03851DD4C65800486D87 /* Observable+Mapper.swift in Sources */,
			);
			runOnlyForDeploymentPostprocessing = 0;
		};
/* End PBXSourcesBuildPhase section */

/* Begin PBXVariantGroup section */
		95B24BC11DD08C14000F5AB5 /* Main.storyboard */ = {
			isa = PBXVariantGroup;
			children = (
				95B24BC21DD08C14000F5AB5 /* Base */,
			);
			name = Main.storyboard;
			sourceTree = "<group>";
		};
		95B24BC61DD08C14000F5AB5 /* LaunchScreen.storyboard */ = {
			isa = PBXVariantGroup;
			children = (
				95B24BC71DD08C14000F5AB5 /* Base */,
			);
			name = LaunchScreen.storyboard;
			sourceTree = "<group>";
		};
/* End PBXVariantGroup section */

/* Begin XCBuildConfiguration section */
		95B24BCA1DD08C14000F5AB5 /* Debug */ = {
			isa = XCBuildConfiguration;
			buildSettings = {
				ALWAYS_SEARCH_USER_PATHS = NO;
				CLANG_ANALYZER_NONNULL = YES;
				CLANG_CXX_LANGUAGE_STANDARD = "gnu++0x";
				CLANG_CXX_LIBRARY = "libc++";
				CLANG_ENABLE_MODULES = YES;
				CLANG_ENABLE_OBJC_ARC = YES;
				CLANG_WARN_BOOL_CONVERSION = YES;
				CLANG_WARN_CONSTANT_CONVERSION = YES;
				CLANG_WARN_DIRECT_OBJC_ISA_USAGE = YES_ERROR;
				CLANG_WARN_DOCUMENTATION_COMMENTS = YES;
				CLANG_WARN_EMPTY_BODY = YES;
				CLANG_WARN_ENUM_CONVERSION = YES;
				CLANG_WARN_INFINITE_RECURSION = YES;
				CLANG_WARN_INT_CONVERSION = YES;
				CLANG_WARN_OBJC_ROOT_CLASS = YES_ERROR;
				CLANG_WARN_SUSPICIOUS_MOVES = YES;
				CLANG_WARN_UNREACHABLE_CODE = YES;
				CLANG_WARN__DUPLICATE_METHOD_MATCH = YES;
				"CODE_SIGN_IDENTITY[sdk=iphoneos*]" = "iPhone Developer";
				COPY_PHASE_STRIP = NO;
				DEBUG_INFORMATION_FORMAT = dwarf;
				ENABLE_STRICT_OBJC_MSGSEND = YES;
				ENABLE_TESTABILITY = YES;
				GCC_C_LANGUAGE_STANDARD = gnu99;
				GCC_DYNAMIC_NO_PIC = NO;
				GCC_NO_COMMON_BLOCKS = YES;
				GCC_OPTIMIZATION_LEVEL = 0;
				GCC_PREPROCESSOR_DEFINITIONS = (
					"DEBUG=1",
					"$(inherited)",
				);
				GCC_WARN_64_TO_32_BIT_CONVERSION = YES;
				GCC_WARN_ABOUT_RETURN_TYPE = YES_ERROR;
				GCC_WARN_UNDECLARED_SELECTOR = YES;
				GCC_WARN_UNINITIALIZED_AUTOS = YES_AGGRESSIVE;
				GCC_WARN_UNUSED_FUNCTION = YES;
				GCC_WARN_UNUSED_VARIABLE = YES;
				IPHONEOS_DEPLOYMENT_TARGET = 9.0;
				MTL_ENABLE_DEBUG_INFO = YES;
				ONLY_ACTIVE_ARCH = YES;
				SDKROOT = iphoneos;
				SWIFT_ACTIVE_COMPILATION_CONDITIONS = DEBUG;
				SWIFT_OPTIMIZATION_LEVEL = "-Onone";
			};
			name = Debug;
		};
		95B24BCB1DD08C14000F5AB5 /* Release */ = {
			isa = XCBuildConfiguration;
			buildSettings = {
				ALWAYS_SEARCH_USER_PATHS = NO;
				CLANG_ANALYZER_NONNULL = YES;
				CLANG_CXX_LANGUAGE_STANDARD = "gnu++0x";
				CLANG_CXX_LIBRARY = "libc++";
				CLANG_ENABLE_MODULES = YES;
				CLANG_ENABLE_OBJC_ARC = YES;
				CLANG_WARN_BOOL_CONVERSION = YES;
				CLANG_WARN_CONSTANT_CONVERSION = YES;
				CLANG_WARN_DIRECT_OBJC_ISA_USAGE = YES_ERROR;
				CLANG_WARN_DOCUMENTATION_COMMENTS = YES;
				CLANG_WARN_EMPTY_BODY = YES;
				CLANG_WARN_ENUM_CONVERSION = YES;
				CLANG_WARN_INFINITE_RECURSION = YES;
				CLANG_WARN_INT_CONVERSION = YES;
				CLANG_WARN_OBJC_ROOT_CLASS = YES_ERROR;
				CLANG_WARN_SUSPICIOUS_MOVES = YES;
				CLANG_WARN_UNREACHABLE_CODE = YES;
				CLANG_WARN__DUPLICATE_METHOD_MATCH = YES;
				"CODE_SIGN_IDENTITY[sdk=iphoneos*]" = "iPhone Developer";
				COPY_PHASE_STRIP = NO;
				DEBUG_INFORMATION_FORMAT = "dwarf-with-dsym";
				ENABLE_NS_ASSERTIONS = NO;
				ENABLE_STRICT_OBJC_MSGSEND = YES;
				GCC_C_LANGUAGE_STANDARD = gnu99;
				GCC_NO_COMMON_BLOCKS = YES;
				GCC_WARN_64_TO_32_BIT_CONVERSION = YES;
				GCC_WARN_ABOUT_RETURN_TYPE = YES_ERROR;
				GCC_WARN_UNDECLARED_SELECTOR = YES;
				GCC_WARN_UNINITIALIZED_AUTOS = YES_AGGRESSIVE;
				GCC_WARN_UNUSED_FUNCTION = YES;
				GCC_WARN_UNUSED_VARIABLE = YES;
				IPHONEOS_DEPLOYMENT_TARGET = 9.0;
				MTL_ENABLE_DEBUG_INFO = NO;
				SDKROOT = iphoneos;
				SWIFT_OPTIMIZATION_LEVEL = "-Owholemodule";
				VALIDATE_PRODUCT = YES;
			};
			name = Release;
		};
		95B24BCD1DD08C14000F5AB5 /* Debug */ = {
			isa = XCBuildConfiguration;
			baseConfigurationReference = E5666C071751521EE8739880 /* Pods-dribbble.debug.xcconfig */;
			buildSettings = {
				ASSETCATALOG_COMPILER_APPICON_NAME = AppIcon;
				DEVELOPMENT_TEAM = A29MKZT469;
				INFOPLIST_FILE = dribbble/Info.plist;
				IPHONEOS_DEPLOYMENT_TARGET = 9.0;
				LD_RUNPATH_SEARCH_PATHS = "$(inherited) @executable_path/Frameworks";
				PRODUCT_BUNDLE_IDENTIFIER = com.adgvcxz.dribbble;
				PRODUCT_NAME = "$(TARGET_NAME)";
				SWIFT_VERSION = 3.0;
			};
			name = Debug;
		};
		95B24BCE1DD08C14000F5AB5 /* Release */ = {
			isa = XCBuildConfiguration;
			baseConfigurationReference = 6601205C3CE846B8C7F02DA3 /* Pods-dribbble.release.xcconfig */;
			buildSettings = {
				ASSETCATALOG_COMPILER_APPICON_NAME = AppIcon;
				DEVELOPMENT_TEAM = A29MKZT469;
				INFOPLIST_FILE = dribbble/Info.plist;
				IPHONEOS_DEPLOYMENT_TARGET = 9.0;
				LD_RUNPATH_SEARCH_PATHS = "$(inherited) @executable_path/Frameworks";
				PRODUCT_BUNDLE_IDENTIFIER = com.adgvcxz.dribbble;
				PRODUCT_NAME = "$(TARGET_NAME)";
				SWIFT_VERSION = 3.0;
			};
			name = Release;
		};
/* End XCBuildConfiguration section */

/* Begin XCConfigurationList section */
		95B24BB51DD08C14000F5AB5 /* Build configuration list for PBXProject "dribbble" */ = {
			isa = XCConfigurationList;
			buildConfigurations = (
				95B24BCA1DD08C14000F5AB5 /* Debug */,
				95B24BCB1DD08C14000F5AB5 /* Release */,
			);
			defaultConfigurationIsVisible = 0;
			defaultConfigurationName = Release;
		};
		95B24BCC1DD08C14000F5AB5 /* Build configuration list for PBXNativeTarget "dribbble" */ = {
			isa = XCConfigurationList;
			buildConfigurations = (
				95B24BCD1DD08C14000F5AB5 /* Debug */,
				95B24BCE1DD08C14000F5AB5 /* Release */,
			);
			defaultConfigurationIsVisible = 0;
			defaultConfigurationName = Release;
		};
/* End XCConfigurationList section */
	};
	rootObject = 95B24BB21DD08C14000F5AB5 /* Project object */;
}
